
Microsoft Visual Studio Solution File, Format Version 12.00
# Visual Studio Version 17
VisualStudioVersion = 17.14.36518.9 d17.14
MinimumVisualStudioVersion = 10.0.40219.1
Project("{FAE04EC0-301F-11D3-BF4B-00C04F79EFBC}") = "Lab01", "Lab01\Lab01.csproj", "{A5220C4A-4BFB-451A-9362-6B456C5FE63C}"
EndProject
Global
	GlobalSection(SolutionConfigurationPlatforms) = preSolution
		Debug|Any CPU = Debug|Any CPU
		Release|Any CPU = Release|Any CPU
	EndGlobalSection
	GlobalSection(ProjectConfigurationPlatforms) = postSolution
		{A5220C4A-4BFB-451A-9362-6B456C5FE63C}.Debug|Any CPU.ActiveCfg = Debug|Any CPU
		{A5220C4A-4BFB-451A-9362-6B456C5FE63C}.Debug|Any CPU.Build.0 = Debug|Any CPU
		{A5220C4A-4BFB-451A-9362-6B456C5FE63C}.Release|Any CPU.ActiveCfg = Release|Any CPU
		{A5220C4A-4BFB-451A-9362-6B456C5FE63C}.Release|Any CPU.Build.0 = Release|Any CPU
	EndGlobalSection
	GlobalSection(SolutionProperties) = preSolution
		HideSolutionNode = FALSE
	EndGlobalSection
	GlobalSection(ExtensibilityGlobals) = postSolution
		SolutionGuid = {1C585C89-EA2F-4F73-8C77-8EE2A7FC2B9F}
	EndGlobalSection
EndGlobal
